{
  "requires": true,
  "lockfileVersion": 1,
  "dependencies": {
    "@fontsource/vazir": {
      "version": "4.4.5",
      "resolved": "https://registry.npmjs.org/@fontsource/vazir/-/vazir-4.4.5.tgz",
      "integrity": "sha512-yzbwIT+NIo+rpXC2RFKqYKOerBSI2FqNeRkKXLEL9uUY3CeXY2AF0I1q1IcnRzAmIAPiH9U7mky6pVIcRlA64g=="
    },
    "css-persian": {
      "version": "1.0.0",
      "resolved": "https://registry.npmjs.org/css-persian/-/css-persian-1.0.0.tgz",
      "integrity": "sha1-A9RqbTlFcid31+ywmDvMuKOrP5k="
    },
    "vazir-font": {
      "version": "29.0.2",
      "resolved": "https://registry.npmjs.org/vazir-font/-/vazir-font-29.0.2.tgz",
      "integrity": "sha512-39Dp1XumdpAo05IizgR9o8E3CkcN3EgHRetklsUblscDdQ/ipviASffp0A+NteDZgj/lJ75TJT/l/UqkNr/NeQ=="
    }
  }
}
